
Microsoft Visual Studio Solution File, Format Version 12.00
# Visual Studio 15
Project("{FAE04EC0-301F-11D3-BF4B-00C04F79EFBC}") = "calculator.Android", "calculator.Android\calculator.Android.csproj", "{78B95A9D-E192-42BE-B22E-1BF8CC77D7A4}"
EndProject
Project("{FAE04EC0-301F-11D3-BF4B-00C04F79EFBC}") = "calculator.iOS", "calculator.iOS\calculator.iOS.csproj", "{A35DE040-9AA8-4BFE-A846-8EBD5CF01828}"
EndProject
Project("{FAE04EC0-301F-11D3-BF4B-00C04F79EFBC}") = "calculator", "calculator\calculator.csproj", "{29C0D81E-4414-4FFF-8E79-480915A35EA7}"
EndProject
Global
	GlobalSection(SolutionConfigurationPlatforms) = preSolution
		Debug|Any CPU = Debug|Any CPU
		Release|Any CPU = Release|Any CPU
		Debug|iPhoneSimulator = Debug|iPhoneSimulator
		Release|iPhoneSimulator = Release|iPhoneSimulator
		Debug|iPhone = Debug|iPhone
		Release|iPhone = Release|iPhone
	EndGlobalSection
	GlobalSection(ProjectConfigurationPlatforms) = postSolution
		{78B95A9D-E192-42BE-B22E-1BF8CC77D7A4}.Debug|Any CPU.ActiveCfg = Debug|Any CPU
		{78B95A9D-E192-42BE-B22E-1BF8CC77D7A4}.Debug|Any CPU.Build.0 = Debug|Any CPU
		{78B95A9D-E192-42BE-B22E-1BF8CC77D7A4}.Release|Any CPU.ActiveCfg = Release|Any CPU
		{78B95A9D-E192-42BE-B22E-1BF8CC77D7A4}.Release|Any CPU.Build.0 = Release|Any CPU
		{78B95A9D-E192-42BE-B22E-1BF8CC77D7A4}.Debug|iPhoneSimulator.ActiveCfg = Debug|Any CPU
		{78B95A9D-E192-42BE-B22E-1BF8CC77D7A4}.Debug|iPhoneSimulator.Build.0 = Debug|Any CPU
		{78B95A9D-E192-42BE-B22E-1BF8CC77D7A4}.Release|iPhoneSimulator.ActiveCfg = Release|Any CPU
		{78B95A9D-E192-42BE-B22E-1BF8CC77D7A4}.Release|iPhoneSimulator.Build.0 = Release|Any CPU
		{78B95A9D-E192-42BE-B22E-1BF8CC77D7A4}.Debug|iPhone.ActiveCfg = Debug|Any CPU
		{78B95A9D-E192-42BE-B22E-1BF8CC77D7A4}.Debug|iPhone.Build.0 = Debug|Any CPU
		{78B95A9D-E192-42BE-B22E-1BF8CC77D7A4}.Release|iPhone.ActiveCfg = Release|Any CPU
		{78B95A9D-E192-42BE-B22E-1BF8CC77D7A4}.Release|iPhone.Build.0 = Release|Any CPU
		{A35DE040-9AA8-4BFE-A846-8EBD5CF01828}.Debug|Any CPU.ActiveCfg = Debug|iPhoneSimulator
		{A35DE040-9AA8-4BFE-A846-8EBD5CF01828}.Debug|Any CPU.Build.0 = Debug|iPhoneSimulator
		{A35DE040-9AA8-4BFE-A846-8EBD5CF01828}.Release|Any CPU.ActiveCfg = Release|iPhoneSimulator
		{A35DE040-9AA8-4BFE-A846-8EBD5CF01828}.Release|Any CPU.Build.0 = Release|iPhoneSimulator
		{A35DE040-9AA8-4BFE-A846-8EBD5CF01828}.Debug|iPhoneSimulator.ActiveCfg = Debug|iPhoneSimulator
		{A35DE040-9AA8-4BFE-A846-8EBD5CF01828}.Debug|iPhoneSimulator.Build.0 = Debug|iPhoneSimulator
		{A35DE040-9AA8-4BFE-A846-8EBD5CF01828}.Release|iPhoneSimulator.ActiveCfg = Release|iPhoneSimulator
		{A35DE040-9AA8-4BFE-A846-8EBD5CF01828}.Release|iPhoneSimulator.Build.0 = Release|iPhoneSimulator
		{A35DE040-9AA8-4BFE-A846-8EBD5CF01828}.Debug|iPhone.ActiveCfg = Debug|iPhone
		{A35DE040-9AA8-4BFE-A846-8EBD5CF01828}.Debug|iPhone.Build.0 = Debug|iPhone
		{A35DE040-9AA8-4BFE-A846-8EBD5CF01828}.Release|iPhone.ActiveCfg = Release|iPhone
		{A35DE040-9AA8-4BFE-A846-8EBD5CF01828}.Release|iPhone.Build.0 = Release|iPhone
		{29C0D81E-4414-4FFF-8E79-480915A35EA7}.Debug|Any CPU.ActiveCfg = Debug|Any CPU
		{29C0D81E-4414-4FFF-8E79-480915A35EA7}.Debug|Any CPU.Build.0 = Debug|Any CPU
		{29C0D81E-4414-4FFF-8E79-480915A35EA7}.Release|Any CPU.ActiveCfg = Release|Any CPU
		{29C0D81E-4414-4FFF-8E79-480915A35EA7}.Release|Any CPU.Build.0 = Release|Any CPU
		{29C0D81E-4414-4FFF-8E79-480915A35EA7}.Debug|iPhoneSimulator.ActiveCfg = Debug|Any CPU
		{29C0D81E-4414-4FFF-8E79-480915A35EA7}.Debug|iPhoneSimulator.Build.0 = Debug|Any CPU
		{29C0D81E-4414-4FFF-8E79-480915A35EA7}.Release|iPhoneSimulator.ActiveCfg = Release|Any CPU
		{29C0D81E-4414-4FFF-8E79-480915A35EA7}.Release|iPhoneSimulator.Build.0 = Release|Any CPU
		{29C0D81E-4414-4FFF-8E79-480915A35EA7}.Debug|iPhone.ActiveCfg = Debug|Any CPU
		{29C0D81E-4414-4FFF-8E79-480915A35EA7}.Debug|iPhone.Build.0 = Debug|Any CPU
		{29C0D81E-4414-4FFF-8E79-480915A35EA7}.Release|iPhone.ActiveCfg = Release|Any CPU
		{29C0D81E-4414-4FFF-8E79-480915A35EA7}.Release|iPhone.Build.0 = Release|Any CPU
	EndGlobalSection
EndGlobal
